
Microsoft Visual Studio Solution File, Format Version 12.00
# Visual Studio Version 17
VisualStudioVersion = 17.14.36603.0 d17.14
MinimumVisualStudioVersion = 10.0.40219.1
Project("{FAE04EC0-301F-11D3-BF4B-00C04F79EFBC}") = "TestConsole", "TestConsole\TestConsole.csproj", "{DE3A425C-A28A-4DD3-86C7-708DD303BE64}"
EndProject
Global
	GlobalSection(SolutionConfigurationPlatforms) = preSolution
		Debug|Any CPU = Debug|Any CPU
		Release|Any CPU = Release|Any CPU
	EndGlobalSection
	GlobalSection(ProjectConfigurationPlatforms) = postSolution
		{DE3A425C-A28A-4DD3-86C7-708DD303BE64}.Debug|Any CPU.ActiveCfg = Debug|Any CPU
		{DE3A425C-A28A-4DD3-86C7-708DD303BE64}.Debug|Any CPU.Build.0 = Debug|Any CPU
		{DE3A425C-A28A-4DD3-86C7-708DD303BE64}.Release|Any CPU.ActiveCfg = Release|Any CPU
		{DE3A425C-A28A-4DD3-86C7-708DD303BE64}.Release|Any CPU.Build.0 = Release|Any CPU
	EndGlobalSection
	GlobalSection(SolutionProperties) = preSolution
		HideSolutionNode = FALSE
	EndGlobalSection
	GlobalSection(ExtensibilityGlobals) = postSolution
		SolutionGuid = {0C7A993F-D10A-4396-A977-EB24485D05A1}
	EndGlobalSection
EndGlobal
